// !$*UTF8*$!
{
	archiveVersion = 1;
	classes = {
	};
	objectVersion = 50;
	objects = {

/* Begin PBXBuildFile section */
		5146CAF52334E59000B91CF2 /* Networking.swift in Sources */ = {isa = PBXBuildFile; fileRef = 5146CAF42334E59000B91CF2 /* Networking.swift */; };
		515396872333A5700003DFCA /* AppDelegate.swift in Sources */ = {isa = PBXBuildFile; fileRef = 515396862333A5700003DFCA /* AppDelegate.swift */; };
		515396892333A5700003DFCA /* ViewController.swift in Sources */ = {isa = PBXBuildFile; fileRef = 515396882333A5700003DFCA /* ViewController.swift */; };
		5153968C2333A5700003DFCA /* Main.storyboard in Resources */ = {isa = PBXBuildFile; fileRef = 5153968A2333A5700003DFCA /* Main.storyboard */; };
		5153968E2333A5710003DFCA /* Assets.xcassets in Resources */ = {isa = PBXBuildFile; fileRef = 5153968D2333A5710003DFCA /* Assets.xcassets */; };
		515396912333A5710003DFCA /* LaunchScreen.storyboard in Resources */ = {isa = PBXBuildFile; fileRef = 5153968F2333A5710003DFCA /* LaunchScreen.storyboard */; };
		5153969B23340AED0003DFCA /* Stat.swift in Sources */ = {isa = PBXBuildFile; fileRef = 5153969A23340AED0003DFCA /* Stat.swift */; };
/* End PBXBuildFile section */

/* Begin PBXFileReference section */
		5146CAF42334E59000B91CF2 /* Networking.swift */ = {isa = PBXFileReference; lastKnownFileType = sourcecode.swift; path = Networking.swift; sourceTree = "<group>"; };
		515396832333A5700003DFCA /* PubgStats.app */ = {isa = PBXFileReference; explicitFileType = wrapper.application; includeInIndex = 0; path = PubgStats.app; sourceTree = BUILT_PRODUCTS_DIR; };
		515396862333A5700003DFCA /* AppDelegate.swift */ = {isa = PBXFileReference; lastKnownFileType = sourcecode.swift; path = AppDelegate.swift; sourceTree = "<group>"; };
		515396882333A5700003DFCA /* ViewController.swift */ = {isa = PBXFileReference; lastKnownFileType = sourcecode.swift; path = ViewController.swift; sourceTree = "<group>"; };
		5153968B2333A5700003DFCA /* Base */ = {isa = PBXFileReference; lastKnownFileType = file.storyboard; name = Base; path = Base.lproj/Main.storyboard; sourceTree = "<group>"; };
		5153968D2333A5710003DFCA /* Assets.xcassets */ = {isa = PBXFileReference; lastKnownFileType = folder.assetcatalog; path = Assets.xcassets; sourceTree = "<group>"; };
		515396902333A5710003DFCA /* Base */ = {isa = PBXFileReference; lastKnownFileType = file.storyboard; name = Base; path = Base.lproj/LaunchScreen.storyboard; sourceTree = "<group>"; };
		515396922333A5710003DFCA /* Info.plist */ = {isa = PBXFileReference; lastKnownFileType = text.plist.xml; path = Info.plist; sourceTree = "<group>"; };
		5153969A23340AED0003DFCA /* Stat.swift */ = {isa = PBXFileReference; lastKnownFileType = sourcecode.swift; path = Stat.swift; sourceTree = "<group>"; };
/* End PBXFileReference section */

/* Begin PBXFrameworksBuildPhase section */
		515396802333A5700003DFCA /* Frameworks */ = {
			isa = PBXFrameworksBuildPhase;
			buildActionMask = 2147483647;
			files = (
			);
			runOnlyForDeploymentPostprocessing = 0;
		};
/* End PBXFrameworksBuildPhase section */

/* Begin PBXGroup section */
		5153967A2333A5700003DFCA = {
			isa = PBXGroup;
			children = (
				515396852333A5700003DFCA /* PubgStats */,
				515396842333A5700003DFCA /* Products */,
			);
			sourceTree = "<group>";
		};
		515396842333A5700003DFCA /* Products */ = {
			isa = PBXGroup;
			children = (
				515396832333A5700003DFCA /* PubgStats.app */,
			);
			name = Products;
			sourceTree = "<group>";
		};
		515396852333A5700003DFCA /* PubgStats */ = {
			isa = PBXGroup;
			children = (
				515396862333A5700003DFCA /* AppDelegate.swift */,
				515396882333A5700003DFCA /* ViewController.swift */,
				5153968A2333A5700003DFCA /* Main.storyboard */,
				5153968D2333A5710003DFCA /* Assets.xcassets */,
				5153968F2333A5710003DFCA /* LaunchScreen.storyboard */,
				515396922333A5710003DFCA /* Info.plist */,
				5153969A23340AED0003DFCA /* Stat.swift */,
				5146CAF42334E59000B91CF2 /* Networking.swift */,
			);
			path = PubgStats;
			sourceTree = "<group>";
		};
/* End PBXGroup section */

/* Begin PBXNativeTarget section */
		515396822333A5700003DFCA /* PubgStats */ = {
			isa = PBXNativeTarget;
			buildConfigurationList = 515396952333A5710003DFCA /* Build configuration list for PBXNativeTarget "PubgStats" */;
			buildPhases = (
				5153967F2333A5700003DFCA /* Sources */,
				515396802333A5700003DFCA /* Frameworks */,
				515396812333A5700003DFCA /* Resources */,
			);
			buildRules = (
			);
			dependencies = (
			);
			name = PubgStats;
			productName = PubgStats;
			productReference = 515396832333A5700003DFCA /* PubgStats.app */;
			productType = "com.apple.product-type.application";
		};
/* End PBXNativeTarget section */

/* Begin PBXProject section */
		5153967B2333A5700003DFCA /* Project object */ = {
			isa = PBXProject;
			attributes = {
				LastSwiftUpdateCheck = 1020;
				LastUpgradeCheck = 1020;
				ORGANIZATIONNAME = "Mark O'Leary";
				TargetAttributes = {
					515396822333A5700003DFCA = {
						CreatedOnToolsVersion = 10.2.1;
					};
				};
			};
			buildConfigurationList = 5153967E2333A5700003DFCA /* Build configuration list for PBXProject "PubgStats" */;
			compatibilityVersion = "Xcode 9.3";
			developmentRegion = en;
			hasScannedForEncodings = 0;
			knownRegions = (
				en,
				Base,
			);
			mainGroup = 5153967A2333A5700003DFCA;
			productRefGroup = 515396842333A5700003DFCA /* Products */;
			projectDirPath = "";
			projectRoot = "";
			targets = (
				515396822333A5700003DFCA /* PubgStats */,
			);
		};
/* End PBXProject section */

/* Begin PBXResourcesBuildPhase section */
		515396812333A5700003DFCA /* Resources */ = {
			isa = PBXResourcesBuildPhase;
			buildActionMask = 2147483647;
			files = (
				515396912333A5710003DFCA /* LaunchScreen.storyboard in Resources */,
				5153968E2333A5710003DFCA /* Assets.xcassets in Resources */,
				5153968C2333A5700003DFCA /* Main.storyboard in Resources */,
			);
			runOnlyForDeploymentPostprocessing = 0;
		};
/* End PBXResourcesBuildPhase section */

/* Begin PBXSourcesBuildPhase section */
		5153967F2333A5700003DFCA /* Sources */ = {
			isa = PBXSourcesBuildPhase;
			buildActionMask = 2147483647;
			files = (
				5146CAF52334E59000B91CF2 /* Networking.swift in Sources */,
				515396892333A5700003DFCA /* ViewController.swift in Sources */,
				5153969B23340AED0003DFCA /* Stat.swift in Sources */,
				515396872333A5700003DFCA /* AppDelegate.swift in Sources */,
			);
			runOnlyForDeploymentPostprocessing = 0;
		};
/* End PBXSourcesBuildPhase section */

/* Begin PBXVariantGroup section */
		5153968A2333A5700003DFCA /* Main.storyboard */ = {
			isa = PBXVariantGroup;
			children = (
				5153968B2333A5700003DFCA /* Base */,
			);
			name = Main.storyboard;
			sourceTree = "<group>";
		};
		5153968F2333A5710003DFCA /* LaunchScreen.storyboard */ = {
			isa = PBXVariantGroup;
			children = (
				515396902333A5710003DFCA /* Base */,
			);
			name = LaunchScreen.storyboard;
			sourceTree = "<group>";
		};
/* End PBXVariantGroup section */

/* Begin XCBuildConfiguration section */
		515396932333A5710003DFCA /* Debug */ = {
			isa = XCBuildConfiguration;
			buildSettings = {
				ALWAYS_SEARCH_USER_PATHS = NO;
				CLANG_ANALYZER_NONNULL = YES;
				CLANG_ANALYZER_NUMBER_OBJECT_CONVERSION = YES_AGGRESSIVE;
				CLANG_CXX_LANGUAGE_STANDARD = "gnu++14";
				CLANG_CXX_LIBRARY = "libc++";
				CLANG_ENABLE_MODULES = YES;
				CLANG_ENABLE_OBJC_ARC = YES;
				CLANG_ENABLE_OBJC_WEAK = YES;
				CLANG_WARN_BLOCK_CAPTURE_AUTORELEASING = YES;
				CLANG_WARN_BOOL_CONVERSION = YES;
				CLANG_WARN_COMMA = YES;
				CLANG_WARN_CONSTANT_CONVERSION = YES;
				CLANG_WARN_DEPRECATED_OBJC_IMPLEMENTATIONS = YES;
				CLANG_WARN_DIRECT_OBJC_ISA_USAGE = YES_ERROR;
				CLANG_WARN_DOCUMENTATION_COMMENTS = YES;
				CLANG_WARN_EMPTY_BODY = YES;
				CLANG_WARN_ENUM_CONVERSION = YES;
				CLANG_WARN_INFINITE_RECURSION = YES;
				CLANG_WARN_INT_CONVERSION = YES;
				CLANG_WARN_NON_LITERAL_NULL_CONVERSION = YES;
				CLANG_WARN_OBJC_IMPLICIT_RETAIN_SELF = YES;
				CLANG_WARN_OBJC_LITERAL_CONVERSION = YES;
				CLANG_WARN_OBJC_ROOT_CLASS = YES_ERROR;
				CLANG_WARN_RANGE_LOOP_ANALYSIS = YES;
				CLANG_WARN_STRICT_PROTOTYPES = YES;
				CLANG_WARN_SUSPICIOUS_MOVE = YES;
				CLANG_WARN_UNGUARDED_AVAILABILITY = YES_AGGRESSIVE;
				CLANG_WARN_UNREACHABLE_CODE = YES;
				CLANG_WARN__DUPLICATE_METHOD_MATCH = YES;
				CODE_SIGN_IDENTITY = "iPhone Developer";
				COPY_PHASE_STRIP = NO;
				DEBUG_INFORMATION_FORMAT = dwarf;
				ENABLE_STRICT_OBJC_MSGSEND = YES;
				ENABLE_TESTABILITY = YES;
				GCC_C_LANGUAGE_STANDARD = gnu11;
				GCC_DYNAMIC_NO_PIC = NO;
				GCC_NO_COMMON_BLOCKS = YES;
				GCC_OPTIMIZATION_LEVEL = 0;
				GCC_PREPROCESSOR_DEFINITIONS = (
					"DEBUG=1",
					"$(inherited)",
				);
				GCC_WARN_64_TO_32_BIT_CONVERSION = YES;
				GCC_WARN_ABOUT_RETURN_TYPE = YES_ERROR;
				GCC_WARN_UNDECLARED_SELECTOR = YES;
				GCC_WARN_UNINITIALIZED_AUTOS = YES_AGGRESSIVE;
				GCC_WARN_UNUSED_FUNCTION = YES;
				GCC_WARN_UNUSED_VARIABLE = YES;
				IPHONEOS_DEPLOYMENT_TARGET = 12.2;
				MTL_ENABLE_DEBUG_INFO = INCLUDE_SOURCE;
				MTL_FAST_MATH = YES;
				ONLY_ACTIVE_ARCH = YES;
				SDKROOT = iphoneos;
				SWIFT_ACTIVE_COMPILATION_CONDITIONS = DEBUG;
				SWIFT_OPTIMIZATION_LEVEL = "-Onone";
			};
			name = Debug;
		};
		515396942333A5710003DFCA /* Release */ = {
			isa = XCBuildConfiguration;
			buildSettings = {
				ALWAYS_SEARCH_USER_PATHS = NO;
				CLANG_ANALYZER_NONNULL = YES;
				CLANG_ANALYZER_NUMBER_OBJECT_CONVERSION = YES_AGGRESSIVE;
				CLANG_CXX_LANGUAGE_STANDARD = "gnu++14";
				CLANG_CXX_LIBRARY = "libc++";
				CLANG_ENABLE_MODULES = YES;
				CLANG_ENABLE_OBJC_ARC = YES;
				CLANG_ENABLE_OBJC_WEAK = YES;
				CLANG_WARN_BLOCK_CAPTURE_AUTORELEASING = YES;
				CLANG_WARN_BOOL_CONVERSION = YES;
				CLANG_WARN_COMMA = YES;
				CLANG_WARN_CONSTANT_CONVERSION = YES;
				CLANG_WARN_DEPRECATED_OBJC_IMPLEMENTATIONS = YES;
				CLANG_WARN_DIRECT_OBJC_ISA_USAGE = YES_ERROR;
				CLANG_WARN_DOCUMENTATION_COMMENTS = YES;
				CLANG_WARN_EMPTY_BODY = YES;
				CLANG_WARN_ENUM_CONVERSION = YES;
				CLANG_WARN_INFINITE_RECURSION = YES;
				CLANG_WARN_INT_CONVERSION = YES;
				CLANG_WARN_NON_LITERAL_NULL_CONVERSION = YES;
				CLANG_WARN_OBJC_IMPLICIT_RETAIN_SELF = YES;
				CLANG_WARN_OBJC_LITERAL_CONVERSION = YES;
				CLANG_WARN_OBJC_ROOT_CLASS = YES_ERROR;
				CLANG_WARN_RANGE_LOOP_ANALYSIS = YES;
				CLANG_WARN_STRICT_PROTOTYPES = YES;
				CLANG_WARN_SUSPICIOUS_MOVE = YES;
				CLANG_WARN_UNGUARDED_AVAILABILITY = YES_AGGRESSIVE;
				CLANG_WARN_UNREACHABLE_CODE = YES;
				CLANG_WARN__DUPLICATE_METHOD_MATCH = YES;
				CODE_SIGN_IDENTITY = "iPhone Developer";
				COPY_PHASE_STRIP = NO;
				DEBUG_INFORMATION_FORMAT = "dwarf-with-dsym";
				ENABLE_NS_ASSERTIONS = NO;
				ENABLE_STRICT_OBJC_MSGSEND = YES;
				GCC_C_LANGUAGE_STANDARD = gnu11;
				GCC_NO_COMMON_BLOCKS = YES;
				GCC_WARN_64_TO_32_BIT_CONVERSION = YES;
				GCC_WARN_ABOUT_RETURN_TYPE = YES_ERROR;
				GCC_WARN_UNDECLARED_SELECTOR = YES;
				GCC_WARN_UNINITIALIZED_AUTOS = YES_AGGRESSIVE;
				GCC_WARN_UNUSED_FUNCTION = YES;
				GCC_WARN_UNUSED_VARIABLE = YES;
				IPHONEOS_DEPLOYMENT_TARGET = 12.2;
				MTL_ENABLE_DEBUG_INFO = NO;
				MTL_FAST_MATH = YES;
				SDKROOT = iphoneos;
				SWIFT_COMPILATION_MODE = wholemodule;
				SWIFT_OPTIMIZATION_LEVEL = "-O";
				VALIDATE_PRODUCT = YES;
			};
			name = Release;
		};
		515396962333A5710003DFCA /* Debug */ = {
			isa = XCBuildConfiguration;
			buildSettings = {
				ASSETCATALOG_COMPILER_APPICON_NAME = AppIcon;
				CODE_SIGN_STYLE = Automatic;
				DEVELOPMENT_TEAM = J9VZN953FP;
				INFOPLIST_FILE = PubgStats/Info.plist;
				LD_RUNPATH_SEARCH_PATHS = (
					"$(inherited)",
					"@executable_path/Frameworks",
				);
				PRODUCT_BUNDLE_IDENTIFIER = com.marko.PubgStats;
				PRODUCT_NAME = "$(TARGET_NAME)";
				SWIFT_VERSION = 5.0;
				TARGETED_DEVICE_FAMILY = "1,2";
			};
			name = Debug;
		};
		515396972333A5710003DFCA /* Release */ = {
			isa = XCBuildConfiguration;
			buildSettings = {
				ASSETCATALOG_COMPILER_APPICON_NAME = AppIcon;
				CODE_SIGN_STYLE = Automatic;
				DEVELOPMENT_TEAM = J9VZN953FP;
				INFOPLIST_FILE = PubgStats/Info.plist;
				LD_RUNPATH_SEARCH_PATHS = (
					"$(inherited)",
					"@executable_path/Frameworks",
				);
				PRODUCT_BUNDLE_IDENTIFIER = com.marko.PubgStats;
				PRODUCT_NAME = "$(TARGET_NAME)";
				SWIFT_VERSION = 5.0;
				TARGETED_DEVICE_FAMILY = "1,2";
			};
			name = Release;
		};
/* End XCBuildConfiguration section */

/* Begin XCConfigurationList section */
		5153967E2333A5700003DFCA /* Build configuration list for PBXProject "PubgStats" */ = {
			isa = XCConfigurationList;
			buildConfigurations = (
				515396932333A5710003DFCA /* Debug */,
				515396942333A5710003DFCA /* Release */,
			);
			defaultConfigurationIsVisible = 0;
			defaultConfigurationName = Release;
		};
		515396952333A5710003DFCA /* Build configuration list for PBXNativeTarget "PubgStats" */ = {
			isa = XCConfigurationList;
			buildConfigurations = (
				515396962333A5710003DFCA /* Debug */,
				515396972333A5710003DFCA /* Release */,
			);
			defaultConfigurationIsVisible = 0;
			defaultConfigurationName = Release;
		};
/* End XCConfigurationList section */
	};
	rootObject = 5153967B2333A5700003DFCA /* Project object */;
}
